
Microsoft Visual Studio Solution File, Format Version 12.00
# Visual Studio Version 17
VisualStudioVersion = 17.13.35828.75
MinimumVisualStudioVersion = 10.0.40219.1
Project("{FAE04EC0-301F-11D3-BF4B-00C04F79EFBC}") = "Application", "Application\Application.csproj", "{7450142B-34AB-42E2-96D1-653883577141}"
EndProject
Project("{FAE04EC0-301F-11D3-BF4B-00C04F79EFBC}") = "BusinessLogic", "BusinessLogic\BusinessLogic.csproj", "{8E4340F3-616A-4094-AA21-C32A78CD954E}"
EndProject
Project("{FAE04EC0-301F-11D3-BF4B-00C04F79EFBC}") = "DataAccessObject", "DataAccessObject\DataAccessObject.csproj", "{9F036497-69C1-493E-98E7-8EC2AAB91702}"
EndProject
Global
	GlobalSection(SolutionConfigurationPlatforms) = preSolution
		Debug|Any CPU = Debug|Any CPU
		Release|Any CPU = Release|Any CPU
	EndGlobalSection
	GlobalSection(ProjectConfigurationPlatforms) = postSolution
		{7450142B-34AB-42E2-96D1-653883577141}.Debug|Any CPU.ActiveCfg = Debug|Any CPU
		{7450142B-34AB-42E2-96D1-653883577141}.Debug|Any CPU.Build.0 = Debug|Any CPU
		{7450142B-34AB-42E2-96D1-653883577141}.Release|Any CPU.ActiveCfg = Release|Any CPU
		{7450142B-34AB-42E2-96D1-653883577141}.Release|Any CPU.Build.0 = Release|Any CPU
		{8E4340F3-616A-4094-AA21-C32A78CD954E}.Debug|Any CPU.ActiveCfg = Debug|Any CPU
		{8E4340F3-616A-4094-AA21-C32A78CD954E}.Debug|Any CPU.Build.0 = Debug|Any CPU
		{8E4340F3-616A-4094-AA21-C32A78CD954E}.Release|Any CPU.ActiveCfg = Release|Any CPU
		{8E4340F3-616A-4094-AA21-C32A78CD954E}.Release|Any CPU.Build.0 = Release|Any CPU
		{9F036497-69C1-493E-98E7-8EC2AAB91702}.Debug|Any CPU.ActiveCfg = Debug|Any CPU
		{9F036497-69C1-493E-98E7-8EC2AAB91702}.Debug|Any CPU.Build.0 = Debug|Any CPU
		{9F036497-69C1-493E-98E7-8EC2AAB91702}.Release|Any CPU.ActiveCfg = Release|Any CPU
		{9F036497-69C1-493E-98E7-8EC2AAB91702}.Release|Any CPU.Build.0 = Release|Any CPU
	EndGlobalSection
	GlobalSection(SolutionProperties) = preSolution
		HideSolutionNode = FALSE
	EndGlobalSection
	GlobalSection(ExtensibilityGlobals) = postSolution
		SolutionGuid = {A5EC45F1-26C3-4E7D-8945-346FF763D2F0}
	EndGlobalSection
EndGlobal
